PODS:
  - Alamofire (4.7.2)
  - PKHUD (5.0.0)

DEPENDENCIES:
  - Alamofire
  - PKHUD

SPEC REPOS:
  https://github.com/CocoaPods/Specs.git:
    - Alamofire
    - PKHUD

SPEC CHECKSUMS:
  Alamofire: e4fa87002c137ba2d8d634d2c51fabcda0d5c223
  PKHUD: 3c001512c6e002091184197a8de7a20420786e3b

PODFILE CHECKSUM: 709483e73b66476691306ed564ca9394a33d8dd0

COCOAPODS: 1.5.0
